
Microsoft Visual Studio Solution File, Format Version 12.00
# Visual Studio 15
VisualStudioVersion = 15.0.27703.2035
MinimumVisualStudioVersion = 10.0.40219.1
Project("{FAE04EC0-301F-11D3-BF4B-00C04F79EFBC}") = "LostInTheWoods", "LostInTheWoods\LostInTheWoods.csproj", "{2CF5D4B9-C32D-4F75-8CC9-5A87CE1D274A}"
EndProject
Global
	GlobalSection(SolutionConfigurationPlatforms) = preSolution
		Debug|Any CPU = Debug|Any CPU
		Release|Any CPU = Release|Any CPU
	EndGlobalSection
	GlobalSection(ProjectConfigurationPlatforms) = postSolution
		{2CF5D4B9-C32D-4F75-8CC9-5A87CE1D274A}.Debug|Any CPU.ActiveCfg = Debug|Any CPU
		{2CF5D4B9-C32D-4F75-8CC9-5A87CE1D274A}.Debug|Any CPU.Build.0 = Debug|Any CPU
		{2CF5D4B9-C32D-4F75-8CC9-5A87CE1D274A}.Release|Any CPU.ActiveCfg = Release|Any CPU
		{2CF5D4B9-C32D-4F75-8CC9-5A87CE1D274A}.Release|Any CPU.Build.0 = Release|Any CPU
	EndGlobalSection
	GlobalSection(SolutionProperties) = preSolution
		HideSolutionNode = FALSE
	EndGlobalSection
	GlobalSection(ExtensibilityGlobals) = postSolution
		SolutionGuid = {24CE2A71-D943-40A8-9481-760DBBEC9B52}
	EndGlobalSection
EndGlobal
